{
  "name": "@ztrehagem/nuxt-thin-modal",
  "version": "0.1.0",
  "lockfileVersion": 1,
  "requires": true,
  "dependencies": {
    "vue-thin-modal": {
      "version": "1.3.0",
      "resolved": "https://registry.npmjs.org/vue-thin-modal/-/vue-thin-modal-1.3.0.tgz",
      "integrity": "sha512-0a0U/3xtlhrXRMsVfo76i+1vgCDBbbutnWbw32BSszF0rGwsmnsR2gvYvA0k0EM7KjvvNlVRkab9Ddp0d7r7dw=="
    }
  }
}
